
Microsoft Visual Studio Solution File, Format Version 12.00
# Visual Studio Version 16
VisualStudioVersion = 16.0.32106.194
MinimumVisualStudioVersion = 10.0.40219.1
Project("{FAE04EC0-301F-11D3-BF4B-00C04F79EFBC}") = "gitapp", "gitapp\gitapp.csproj", "{2708793E-D3A4-413F-B4A1-C4D288F90545}"
EndProject
Global
	GlobalSection(SolutionConfigurationPlatforms) = preSolution
		Debug|Any CPU = Debug|Any CPU
		Release|Any CPU = Release|Any CPU
	EndGlobalSection
	GlobalSection(ProjectConfigurationPlatforms) = postSolution
		{2708793E-D3A4-413F-B4A1-C4D288F90545}.Debug|Any CPU.ActiveCfg = Debug|Any CPU
		{2708793E-D3A4-413F-B4A1-C4D288F90545}.Debug|Any CPU.Build.0 = Debug|Any CPU
		{2708793E-D3A4-413F-B4A1-C4D288F90545}.Release|Any CPU.ActiveCfg = Release|Any CPU
		{2708793E-D3A4-413F-B4A1-C4D288F90545}.Release|Any CPU.Build.0 = Release|Any CPU
	EndGlobalSection
	GlobalSection(SolutionProperties) = preSolution
		HideSolutionNode = FALSE
	EndGlobalSection
	GlobalSection(ExtensibilityGlobals) = postSolution
		SolutionGuid = {698A30FE-22A3-43AC-88FB-19B611793951}
	EndGlobalSection
EndGlobal
